# This file is autogenerated, do not edit; changes may be undone by the next 'dep ensure'.


[[projects]]
  branch = "master"
  name = "github.com/BurntSushi/graphics-go"
  packages = ["graphics","graphics/convolve","graphics/interp"]
  revision = "b43f31a4a96688fba0b612e25e22648b9267e498"

[[projects]]
  name = "github.com/pkg/errors"
  packages = ["."]
  revision = "645ef00459ed84a119197bfb8d8205042c6df63d"
  version = "v0.8.0"

[[projects]]
  name = "github.com/unidoc/unidoc"
  packages = ["common","common/license","pdf/contentstream","pdf/contentstream/draw","pdf/core","pdf/creator","pdf/model","pdf/model/fonts","pdf/model/sampling","pdf/model/textencoding","pdf/ps"]
  revision = "144fa3f75be7cab29ecd8d3bfb9673fcc649f372"
  version = "v2.0.1"

[[projects]]
  branch = "master"
  name = "github.com/yhat/scrape"
  packages = ["."]
  revision = "24b7890b0945459dbf91743e4d2ac5d75a51fee2"

[[projects]]
  branch = "master"
  name = "golang.org/x/image"
  packages = ["tiff/lzw"]
  revision = "12117c17ca67ffa1ce22e9409f3b0b0a93ac08c7"

[[projects]]
  branch = "master"
  name = "golang.org/x/net"
  packages = ["html","html/atom"]
  revision = "d866cfc389cec985d6fda2859936a575a55a3ab6"

[solve-meta]
  analyzer-name = "dep"
  analyzer-version = 1
  inputs-digest = "b6d73ddb058611f1e2ea1a1700b0f246824f8be0eb3d98b914768e88d4246554"
  solver-name = "gps-cdcl"
  solver-version = 1
